
Microsoft Visual Studio Solution File, Format Version 12.00
# Visual Studio 15
VisualStudioVersion = 15.0.28307.572
MinimumVisualStudioVersion = 10.0.40219.1
Project("{9A19103F-16F7-4668-BE54-9A1E7A4F7556}") = "HallOfFame", "HallOfFame\HallOfFame.csproj", "{DB7675A3-8D6F-4DF1-86F3-D1A2B9DF77BB}"
EndProject
Project("{FAE04EC0-301F-11D3-BF4B-00C04F79EFBC}") = "NUnitTestHallOfFame", "NUnitTestHallOfFame\NUnitTestHallOfFame.csproj", "{159A74A0-21B6-4699-BBFC-9769D360249B}"
EndProject
Global
	GlobalSection(SolutionConfigurationPlatforms) = preSolution
		Debug|Any CPU = Debug|Any CPU
		Release|Any CPU = Release|Any CPU
	EndGlobalSection
	GlobalSection(ProjectConfigurationPlatforms) = postSolution
		{DB7675A3-8D6F-4DF1-86F3-D1A2B9DF77BB}.Debug|Any CPU.ActiveCfg = Debug|Any CPU
		{DB7675A3-8D6F-4DF1-86F3-D1A2B9DF77BB}.Debug|Any CPU.Build.0 = Debug|Any CPU
		{DB7675A3-8D6F-4DF1-86F3-D1A2B9DF77BB}.Release|Any CPU.ActiveCfg = Release|Any CPU
		{DB7675A3-8D6F-4DF1-86F3-D1A2B9DF77BB}.Release|Any CPU.Build.0 = Release|Any CPU
		{159A74A0-21B6-4699-BBFC-9769D360249B}.Debug|Any CPU.ActiveCfg = Debug|Any CPU
		{159A74A0-21B6-4699-BBFC-9769D360249B}.Debug|Any CPU.Build.0 = Debug|Any CPU
		{159A74A0-21B6-4699-BBFC-9769D360249B}.Release|Any CPU.ActiveCfg = Release|Any CPU
		{159A74A0-21B6-4699-BBFC-9769D360249B}.Release|Any CPU.Build.0 = Release|Any CPU
	EndGlobalSection
	GlobalSection(SolutionProperties) = preSolution
		HideSolutionNode = FALSE
	EndGlobalSection
	GlobalSection(ExtensibilityGlobals) = postSolution
		SolutionGuid = {0650A2BE-3C76-4D83-90CC-BD69E4381F07}
	EndGlobalSection
EndGlobal
